{
  "name": "stock-prices-bot",
  "lockfileVersion": 2,
  "requires": true,
  "packages": {
    "": {
      "name": "stock-prices-bot",
      "devDependencies": {
        "prettier": "^2.7.1",
        "prettier-plugin-sort-json": "^0.0.3"
      },
      "engines": {
        "node": "16"
      }
    },
    "node_modules/@types/prettier": {
      "version": "2.7.1",
      "dev": true,
      "license": "MIT"
    },
    "node_modules/prettier": {
      "version": "2.7.1",
      "dev": true,
      "license": "MIT",
      "bin": {
        "prettier": "bin-prettier.js"
      },
      "engines": {
        "node": ">=10.13.0"
      },
      "funding": {
        "url": "https://github.com/prettier/prettier?sponsor=1"
      }
    },
    "node_modules/prettier-plugin-sort-json": {
      "version": "0.0.3",
      "dev": true,
      "license": "MIT",
      "dependencies": {
        "@types/prettier": "^2.3.2"
      },
      "engines": {
        "node": ">=14.0.0"
      },
      "peerDependencies": {
        "prettier": "^2.3.2"
      }
    }
  },
  "dependencies": {
    "@types/prettier": {
      "version": "2.7.1",
      "dev": true
    },
    "prettier": {
      "version": "2.7.1",
      "dev": true
    },
    "prettier-plugin-sort-json": {
      "version": "0.0.3",
      "dev": true,
      "requires": {
        "@types/prettier": "^2.3.2"
      }
    }
  }
}
